
Microsoft Visual Studio Solution File, Format Version 12.00
# Visual Studio Version 16
VisualStudioVersion = 16.0.29326.143
MinimumVisualStudioVersion = 10.0.40219.1
Project("{9092AA53-FB77-4645-B42D-1CCCA6BD08BD}") = "NodejsWebApp1", "NodejsWebApp1\NodejsWebApp1.njsproj", "{8CC4F7B4-5917-4131-8A46-42A819F4369A}"
EndProject
Global
	GlobalSection(SolutionConfigurationPlatforms) = preSolution
		Debug|Any CPU = Debug|Any CPU
		Release|Any CPU = Release|Any CPU
	EndGlobalSection
	GlobalSection(ProjectConfigurationPlatforms) = postSolution
		{8CC4F7B4-5917-4131-8A46-42A819F4369A}.Debug|Any CPU.ActiveCfg = Debug|Any CPU
		{8CC4F7B4-5917-4131-8A46-42A819F4369A}.Debug|Any CPU.Build.0 = Debug|Any CPU
		{8CC4F7B4-5917-4131-8A46-42A819F4369A}.Release|Any CPU.ActiveCfg = Release|Any CPU
		{8CC4F7B4-5917-4131-8A46-42A819F4369A}.Release|Any CPU.Build.0 = Release|Any CPU
	EndGlobalSection
	GlobalSection(SolutionProperties) = preSolution
		HideSolutionNode = FALSE
	EndGlobalSection
	GlobalSection(ExtensibilityGlobals) = postSolution
		SolutionGuid = {A57DFE7F-4BB6-4A0F-89FF-D6302D53B31F}
	EndGlobalSection
EndGlobal
